
Microsoft Visual Studio Solution File, Format Version 12.00
# Visual Studio Version 16
VisualStudioVersion = 16.0.30114.105
MinimumVisualStudioVersion = 10.0.40219.1
Project("{2150E333-8FDC-42A3-9474-1A3956D46DE8}") = "src", "src", "{FA013109-59D7-4D4D-BA92-9102726A863D}"
EndProject
Project("{FAE04EC0-301F-11D3-BF4B-00C04F79EFBC}") = "Markdown.Console", "src\Morello.MarkdownConsole\Morello.MarkdownConsole.csproj", "{2538F8B3-0F7E-4141-ADA5-747342BD76D0}"
EndProject
Project("{FAE04EC0-301F-11D3-BF4B-00C04F79EFBC}") = "Markdown.Console.Tests", "src\Morello.MarkdownConsole.Tests\Morello.MarkdownConsole.Tests.csproj", "{4A7B9EB3-ACE2-4EAF-89F3-C274CEB1A837}"
EndProject
Global
	GlobalSection(SolutionConfigurationPlatforms) = preSolution
		Debug|Any CPU = Debug|Any CPU
		Release|Any CPU = Release|Any CPU
	EndGlobalSection
	GlobalSection(SolutionProperties) = preSolution
		HideSolutionNode = FALSE
	EndGlobalSection
	GlobalSection(ProjectConfigurationPlatforms) = postSolution
		{2538F8B3-0F7E-4141-ADA5-747342BD76D0}.Debug|Any CPU.ActiveCfg = Debug|Any CPU
		{2538F8B3-0F7E-4141-ADA5-747342BD76D0}.Debug|Any CPU.Build.0 = Debug|Any CPU
		{2538F8B3-0F7E-4141-ADA5-747342BD76D0}.Release|Any CPU.ActiveCfg = Release|Any CPU
		{2538F8B3-0F7E-4141-ADA5-747342BD76D0}.Release|Any CPU.Build.0 = Release|Any CPU
		{4A7B9EB3-ACE2-4EAF-89F3-C274CEB1A837}.Debug|Any CPU.ActiveCfg = Debug|Any CPU
		{4A7B9EB3-ACE2-4EAF-89F3-C274CEB1A837}.Debug|Any CPU.Build.0 = Debug|Any CPU
		{4A7B9EB3-ACE2-4EAF-89F3-C274CEB1A837}.Release|Any CPU.ActiveCfg = Release|Any CPU
		{4A7B9EB3-ACE2-4EAF-89F3-C274CEB1A837}.Release|Any CPU.Build.0 = Release|Any CPU
	EndGlobalSection
	GlobalSection(NestedProjects) = preSolution
		{2538F8B3-0F7E-4141-ADA5-747342BD76D0} = {FA013109-59D7-4D4D-BA92-9102726A863D}
		{4A7B9EB3-ACE2-4EAF-89F3-C274CEB1A837} = {FA013109-59D7-4D4D-BA92-9102726A863D}
	EndGlobalSection
EndGlobal
